<?xml version="1.0" encoding="utf-8"?>
<Project ToolsVersion="4.0" xmlns="http://schemas.microsoft.com/developer/msbuild/2003">
  <ItemGroup>
    <Filter Include="Source Files">
      <UniqueIdentifier>{4FC737F1-C7A5-4376-A066-2A32D752A2FF}</UniqueIdentifier>
      <Extensions>cpp;c;cc;cxx;def;odl;idl;hpj;bat;asm;asmx</Extensions>
    </Filter>
    <Filter Include="Header Files">
      <UniqueIdentifier>{93995380-89BD-4b04-88EB-625FBE52EBFB}</UniqueIdentifier>
      <Extensions>h;hpp;hxx;hm;inl;inc;xsd</Extensions>
    </Filter>
    <Filter Include="Texo References">
      <UniqueIdentifier>{c203391f-6f90-4f4c-9c12-ed11bb5ce4a4}</UniqueIdentifier>
    </Filter>
  </ItemGroup>
  <ItemGroup>
    <ClInclude Include="Ultrasonix.Texo.h">
      <Filter>Header Files</Filter>
    </ClInclude>
    <ClInclude Include="Stdafx.h">
      <Filter>Header Files</Filter>
    </ClInclude>
    <ClInclude Include="Curve.h">
      <Filter>Header Files</Filter>
    </ClInclude>
    <ClInclude Include="DataFormat.h">
      <Filter>Header Files</Filter>
    </ClInclude>
    <ClInclude Include="DataEventArgs.h">
      <Filter>Header Files</Filter>
    </ClInclude>
    <ClInclude Include="ReceiveParameters.h">
      <Filter>Header Files</Filter>
    </ClInclude>
    <ClInclude Include="TransmitParameters.h">
      <Filter>Header Files</Filter>
    </ClInclude>
    <ClInclude Include="VCAInfo.h">
      <Filter>Texo References</Filter>
    </ClInclude>
    <ClInclude Include="texo.h">
      <Filter>Texo References</Filter>
    </ClInclude>
    <ClInclude Include="texo_def.h">
      <Filter>Texo References</Filter>
    </ClInclude>
  </ItemGroup>
  <ItemGroup>
    <ClCompile Include="Ultrasonix.Texo.cpp">
      <Filter>Source Files</Filter>
    </ClCompile>
    <ClCompile Include="AssemblyInfo.cpp">
      <Filter>Source Files</Filter>
    </ClCompile>
    <ClCompile Include="Stdafx.cpp">
      <Filter>Source Files</Filter>
    </ClCompile>
  </ItemGroup>
</Project>